
Microsoft Visual Studio Solution File, Format Version 12.00
# Visual Studio Version 17
VisualStudioVersion = 17.3.32929.385
MinimumVisualStudioVersion = 10.0.40219.1
Project("{8BC9CEB8-8B4A-11D0-8D11-00A0C91BC942}") = "lab_class_1", "lab_class_1.vcxproj", "{604BD36D-6475-4898-B6C5-4DC90076D6F6}"
EndProject
Global
	GlobalSection(SolutionConfigurationPlatforms) = preSolution
		Debug|x64 = Debug|x64
		Debug|x86 = Debug|x86
		Release|x64 = Release|x64
		Release|x86 = Release|x86
	EndGlobalSection
	GlobalSection(ProjectConfigurationPlatforms) = postSolution
		{604BD36D-6475-4898-B6C5-4DC90076D6F6}.Debug|x64.ActiveCfg = Debug|x64
		{604BD36D-6475-4898-B6C5-4DC90076D6F6}.Debug|x64.Build.0 = Debug|x64
		{604BD36D-6475-4898-B6C5-4DC90076D6F6}.Debug|x86.ActiveCfg = Debug|Win32
		{604BD36D-6475-4898-B6C5-4DC90076D6F6}.Debug|x86.Build.0 = Debug|Win32
		{604BD36D-6475-4898-B6C5-4DC90076D6F6}.Release|x64.ActiveCfg = Release|x64
		{604BD36D-6475-4898-B6C5-4DC90076D6F6}.Release|x64.Build.0 = Release|x64
		{604BD36D-6475-4898-B6C5-4DC90076D6F6}.Release|x86.ActiveCfg = Release|Win32
		{604BD36D-6475-4898-B6C5-4DC90076D6F6}.Release|x86.Build.0 = Release|Win32
	EndGlobalSection
	GlobalSection(SolutionProperties) = preSolution
		HideSolutionNode = FALSE
	EndGlobalSection
	GlobalSection(ExtensibilityGlobals) = postSolution
		SolutionGuid = {CCD67799-51FB-433D-8A9C-B1B73B975424}
	EndGlobalSection
EndGlobal
