
Microsoft Visual Studio Solution File, Format Version 12.00
# Visual Studio Version 17
VisualStudioVersion = 17.3.32929.385
MinimumVisualStudioVersion = 10.0.40219.1
Project("{8BC9CEB8-8B4A-11D0-8D11-00A0C91BC942}") = "lab_class_13", "lab_class_13.vcxproj", "{416030C0-3255-4766-81E6-C1A89CA5EFAD}"
EndProject
Global
	GlobalSection(SolutionConfigurationPlatforms) = preSolution
		Debug|x64 = Debug|x64
		Debug|x86 = Debug|x86
		Release|x64 = Release|x64
		Release|x86 = Release|x86
	EndGlobalSection
	GlobalSection(ProjectConfigurationPlatforms) = postSolution
		{416030C0-3255-4766-81E6-C1A89CA5EFAD}.Debug|x64.ActiveCfg = Debug|x64
		{416030C0-3255-4766-81E6-C1A89CA5EFAD}.Debug|x64.Build.0 = Debug|x64
		{416030C0-3255-4766-81E6-C1A89CA5EFAD}.Debug|x86.ActiveCfg = Debug|Win32
		{416030C0-3255-4766-81E6-C1A89CA5EFAD}.Debug|x86.Build.0 = Debug|Win32
		{416030C0-3255-4766-81E6-C1A89CA5EFAD}.Release|x64.ActiveCfg = Release|x64
		{416030C0-3255-4766-81E6-C1A89CA5EFAD}.Release|x64.Build.0 = Release|x64
		{416030C0-3255-4766-81E6-C1A89CA5EFAD}.Release|x86.ActiveCfg = Release|Win32
		{416030C0-3255-4766-81E6-C1A89CA5EFAD}.Release|x86.Build.0 = Release|Win32
	EndGlobalSection
	GlobalSection(SolutionProperties) = preSolution
		HideSolutionNode = FALSE
	EndGlobalSection
	GlobalSection(ExtensibilityGlobals) = postSolution
		SolutionGuid = {B8F4BD79-BE3A-4545-8BAF-5D8B7CF4C3D6}
	EndGlobalSection
EndGlobal
